
Microsoft Visual Studio Solution File, Format Version 12.00
# Visual Studio Version 16
VisualStudioVersion = 16.0.31112.23
MinimumVisualStudioVersion = 10.0.40219.1
Project("{FAE04EC0-301F-11D3-BF4B-00C04F79EFBC}") = "Dominio", "Dominio\Dominio.csproj", "{8064ABC3-41F6-4AD8-BB99-304B6A1F868E}"
EndProject
Project("{FAE04EC0-301F-11D3-BF4B-00C04F79EFBC}") = "Tests", "..\Tests\Tests\Tests.csproj", "{908B0D65-888A-435F-8DC7-8D2A2800002F}"
EndProject
Project("{FAE04EC0-301F-11D3-BF4B-00C04F79EFBC}") = "InterfazDeUsuario", "..\InterfazDeUsuario\InterfazDeUsuario\InterfazDeUsuario.csproj", "{C0C5B31F-85DC-4170-92BB-FD127541F8F5}"
EndProject
Project("{FAE04EC0-301F-11D3-BF4B-00C04F79EFBC}") = "AccesoADatos", "AccesoADatos\AccesoADatos.csproj", "{1ED5AB52-B85A-4238-A933-C8CF001660DD}"
EndProject
Global
	GlobalSection(SolutionConfigurationPlatforms) = preSolution
		Debug|Any CPU = Debug|Any CPU
		Release|Any CPU = Release|Any CPU
	EndGlobalSection
	GlobalSection(ProjectConfigurationPlatforms) = postSolution
		{8064ABC3-41F6-4AD8-BB99-304B6A1F868E}.Debug|Any CPU.ActiveCfg = Debug|Any CPU
		{8064ABC3-41F6-4AD8-BB99-304B6A1F868E}.Debug|Any CPU.Build.0 = Debug|Any CPU
		{8064ABC3-41F6-4AD8-BB99-304B6A1F868E}.Release|Any CPU.ActiveCfg = Release|Any CPU
		{8064ABC3-41F6-4AD8-BB99-304B6A1F868E}.Release|Any CPU.Build.0 = Release|Any CPU
		{908B0D65-888A-435F-8DC7-8D2A2800002F}.Debug|Any CPU.ActiveCfg = Debug|Any CPU
		{908B0D65-888A-435F-8DC7-8D2A2800002F}.Debug|Any CPU.Build.0 = Debug|Any CPU
		{908B0D65-888A-435F-8DC7-8D2A2800002F}.Release|Any CPU.ActiveCfg = Release|Any CPU
		{908B0D65-888A-435F-8DC7-8D2A2800002F}.Release|Any CPU.Build.0 = Release|Any CPU
		{C0C5B31F-85DC-4170-92BB-FD127541F8F5}.Debug|Any CPU.ActiveCfg = Debug|Any CPU
		{C0C5B31F-85DC-4170-92BB-FD127541F8F5}.Debug|Any CPU.Build.0 = Debug|Any CPU
		{C0C5B31F-85DC-4170-92BB-FD127541F8F5}.Release|Any CPU.ActiveCfg = Release|Any CPU
		{C0C5B31F-85DC-4170-92BB-FD127541F8F5}.Release|Any CPU.Build.0 = Release|Any CPU
		{1ED5AB52-B85A-4238-A933-C8CF001660DD}.Debug|Any CPU.ActiveCfg = Debug|Any CPU
		{1ED5AB52-B85A-4238-A933-C8CF001660DD}.Debug|Any CPU.Build.0 = Debug|Any CPU
		{1ED5AB52-B85A-4238-A933-C8CF001660DD}.Release|Any CPU.ActiveCfg = Release|Any CPU
		{1ED5AB52-B85A-4238-A933-C8CF001660DD}.Release|Any CPU.Build.0 = Release|Any CPU
	EndGlobalSection
	GlobalSection(SolutionProperties) = preSolution
		HideSolutionNode = FALSE
	EndGlobalSection
	GlobalSection(ExtensibilityGlobals) = postSolution
		SolutionGuid = {537C3A98-E6F2-4400-A762-552407EF0908}
	EndGlobalSection
EndGlobal
